
Microsoft Visual Studio Solution File, Format Version 12.00
# Visual Studio Version 16
VisualStudioVersion = 16.0.31005.135
MinimumVisualStudioVersion = 10.0.40219.1
Project("{9A19103F-16F7-4668-BE54-9A1E7A4F7556}") = "FastBackup", "FastBackup\FastBackup.csproj", "{30876839-4FAC-4C00-B264-8FCAD4631A20}"
EndProject
Project("{FAE04EC0-301F-11D3-BF4B-00C04F79EFBC}") = "FastBackup.Tests", "FastBackup.Tests\FastBackup.Tests.csproj", "{4F794FCF-72EC-4879-A7F2-B86E7D080742}"
EndProject
Global
	GlobalSection(SolutionConfigurationPlatforms) = preSolution
		Debug|Any CPU = Debug|Any CPU
		Release|Any CPU = Release|Any CPU
	EndGlobalSection
	GlobalSection(ProjectConfigurationPlatforms) = postSolution
		{30876839-4FAC-4C00-B264-8FCAD4631A20}.Debug|Any CPU.ActiveCfg = Debug|Any CPU
		{30876839-4FAC-4C00-B264-8FCAD4631A20}.Debug|Any CPU.Build.0 = Debug|Any CPU
		{30876839-4FAC-4C00-B264-8FCAD4631A20}.Release|Any CPU.ActiveCfg = Release|Any CPU
		{30876839-4FAC-4C00-B264-8FCAD4631A20}.Release|Any CPU.Build.0 = Release|Any CPU
		{4F794FCF-72EC-4879-A7F2-B86E7D080742}.Debug|Any CPU.ActiveCfg = Debug|Any CPU
		{4F794FCF-72EC-4879-A7F2-B86E7D080742}.Debug|Any CPU.Build.0 = Debug|Any CPU
		{4F794FCF-72EC-4879-A7F2-B86E7D080742}.Release|Any CPU.ActiveCfg = Release|Any CPU
		{4F794FCF-72EC-4879-A7F2-B86E7D080742}.Release|Any CPU.Build.0 = Release|Any CPU
	EndGlobalSection
	GlobalSection(SolutionProperties) = preSolution
		HideSolutionNode = FALSE
	EndGlobalSection
	GlobalSection(ExtensibilityGlobals) = postSolution
		SolutionGuid = {3199C040-D5EF-4BE2-9A9D-38BBD53F680E}
	EndGlobalSection
EndGlobal
